// !$*UTF8*$!
{
	archiveVersion = 1;
	classes = {
	};
	objectVersion = 56;
	objects = {

/* Begin PBXBuildFile section */
		714CE5012DFC36DF00B255AA /* RequestAuthenticationViewModel.swift in Sources */ = {isa = PBXBuildFile; fileRef = 714CE5002DFC36DF00B255AA /* RequestAuthenticationViewModel.swift */; };
		714CE5032DFC379800B255AA /* RequestAuthenticationView.swift in Sources */ = {isa = PBXBuildFile; fileRef = 714CE5022DFC379800B255AA /* RequestAuthenticationView.swift */; };
		714CE7FF2DFC663A00B255AA /* PrimaryButton.swift in Sources */ = {isa = PBXBuildFile; fileRef = 714CE7FE2DFC663A00B255AA /* PrimaryButton.swift */; };
		714CE8022DFC7EF800B255AA /* HomeViewModel.swift in Sources */ = {isa = PBXBuildFile; fileRef = 714CE8012DFC7EF800B255AA /* HomeViewModel.swift */; };
		714CE8042DFC7F4000B255AA /* HomeView.swift in Sources */ = {isa = PBXBuildFile; fileRef = 714CE8032DFC7F4000B255AA /* HomeView.swift */; };
		715CF84A2DFAD7AE0025D4A2 /* Preview Assets.xcassets in Resources */ = {isa = PBXBuildFile; fileRef = 715CF8492DFAD7AE0025D4A2 /* Preview Assets.xcassets */; };
		715CF84D2DFADA130025D4A2 /* RxBlocking in Frameworks */ = {isa = PBXBuildFile; productRef = 715CF84C2DFADA130025D4A2 /* RxBlocking */; };
		715CF84F2DFADA130025D4A2 /* RxBlocking-Dynamic in Frameworks */ = {isa = PBXBuildFile; productRef = 715CF84E2DFADA130025D4A2 /* RxBlocking-Dynamic */; };
		715CF8512DFADA130025D4A2 /* RxCocoa in Frameworks */ = {isa = PBXBuildFile; productRef = 715CF8502DFADA130025D4A2 /* RxCocoa */; };
		715CF8532DFADA130025D4A2 /* RxCocoa-Dynamic in Frameworks */ = {isa = PBXBuildFile; productRef = 715CF8522DFADA130025D4A2 /* RxCocoa-Dynamic */; };
		715CF8552DFADA130025D4A2 /* RxRelay in Frameworks */ = {isa = PBXBuildFile; productRef = 715CF8542DFADA130025D4A2 /* RxRelay */; };
		715CF8572DFADA130025D4A2 /* RxRelay-Dynamic in Frameworks */ = {isa = PBXBuildFile; productRef = 715CF8562DFADA130025D4A2 /* RxRelay-Dynamic */; };
		715CF8592DFADA130025D4A2 /* RxSwift in Frameworks */ = {isa = PBXBuildFile; productRef = 715CF8582DFADA130025D4A2 /* RxSwift */; };
		715CF85B2DFADA130025D4A2 /* RxSwift-Dynamic in Frameworks */ = {isa = PBXBuildFile; productRef = 715CF85A2DFADA130025D4A2 /* RxSwift-Dynamic */; };
		715CF85D2DFADA130025D4A2 /* RxTest in Frameworks */ = {isa = PBXBuildFile; productRef = 715CF85C2DFADA130025D4A2 /* RxTest */; };
		715CF85F2DFADA130025D4A2 /* RxTest-Dynamic in Frameworks */ = {isa = PBXBuildFile; productRef = 715CF85E2DFADA130025D4A2 /* RxTest-Dynamic */; };
		715CF8612DFAE0430025D4A2 /* Assets.xcassets in Resources */ = {isa = PBXBuildFile; fileRef = 715CF8602DFAE0430025D4A2 /* Assets.xcassets */; };
		715CF8672DFAE4780025D4A2 /* WatchAppIcon.swift in Sources */ = {isa = PBXBuildFile; fileRef = 715CF8642DFAE4780025D4A2 /* WatchAppIcon.swift */; };
		715CF8682DFAE4780025D4A2 /* WatchAppFont.swift in Sources */ = {isa = PBXBuildFile; fileRef = 715CF8652DFAE4780025D4A2 /* WatchAppFont.swift */; };
		715CF8692DFAE4780025D4A2 /* WatchAppSize.swift in Sources */ = {isa = PBXBuildFile; fileRef = 715CF8662DFAE4780025D4A2 /* WatchAppSize.swift */; };
		715CF86B2DFB03E00025D4A2 /* SpashView.swift in Sources */ = {isa = PBXBuildFile; fileRef = 715CF86A2DFB03E00025D4A2 /* SpashView.swift */; };
		715CF86E2DFB04070025D4A2 /* MainViewModel.swift in Sources */ = {isa = PBXBuildFile; fileRef = 715CF86C2DFB04070025D4A2 /* MainViewModel.swift */; };
		715CF86F2DFB04070025D4A2 /* MainView.swift in Sources */ = {isa = PBXBuildFile; fileRef = 715CF86D2DFB04070025D4A2 /* MainView.swift */; };
		715CF8742DFB0F900025D4A2 /* BaseView.swift in Sources */ = {isa = PBXBuildFile; fileRef = 715CF8722DFB0F900025D4A2 /* BaseView.swift */; };
		715CF8752DFB0F900025D4A2 /* BaseViewModel.swift in Sources */ = {isa = PBXBuildFile; fileRef = 715CF8732DFB0F900025D4A2 /* BaseViewModel.swift */; };
		715CF9812DFC32620025D4A2 /* Color+Extension.swift in Sources */ = {isa = PBXBuildFile; fileRef = 715CF9802DFC32620025D4A2 /* Color+Extension.swift */; };
		717221732E06A8FB00D2818A /* EventsView.swift in Sources */ = {isa = PBXBuildFile; fileRef = 717221722E06A8FB00D2818A /* EventsView.swift */; };
		717221752E06A93800D2818A /* EventsViewModel.swift in Sources */ = {isa = PBXBuildFile; fileRef = 717221742E06A93800D2818A /* EventsViewModel.swift */; };
		717221792E06B50A00D2818A /* WatchService.swift in Sources */ = {isa = PBXBuildFile; fileRef = 717221782E06B50A00D2818A /* WatchService.swift */; };
		7172217B2E06B56E00D2818A /* WatchServiceContainer.swift in Sources */ = {isa = PBXBuildFile; fileRef = 7172217A2E06B56E00D2818A /* WatchServiceContainer.swift */; };
		7172217E2E06B7B400D2818A /* EventWatchAPI.swift in Sources */ = {isa = PBXBuildFile; fileRef = 7172217D2E06B7B400D2818A /* EventWatchAPI.swift */; };
		7193928F2E07AC4000B36DBC /* EventsModel.swift in Sources */ = {isa = PBXBuildFile; fileRef = 7193928E2E07AC4000B36DBC /* EventsModel.swift */; };
		719392912E07ACAB00B36DBC /* String.swift in Sources */ = {isa = PBXBuildFile; fileRef = 719392902E07ACAB00B36DBC /* String.swift */; };
		719392962E07AD2B00B36DBC /* DateTimeFormatType.swift in Sources */ = {isa = PBXBuildFile; fileRef = 719392952E07AD2B00B36DBC /* DateTimeFormatType.swift */; };
		719392982E07AE3300B36DBC /* Date.swift in Sources */ = {isa = PBXBuildFile; fileRef = 719392972E07AE3300B36DBC /* Date.swift */; };
		7193929A2E07AF5000B36DBC /* Foundation.swift in Sources */ = {isa = PBXBuildFile; fileRef = 719392992E07AF5000B36DBC /* Foundation.swift */; };
		7193929D2E07BC1400B36DBC /* NoMoreView.swift in Sources */ = {isa = PBXBuildFile; fileRef = 7193929C2E07BC1400B36DBC /* NoMoreView.swift */; };
		7193929F2E07BCB000B36DBC /* RefreshingView.swift in Sources */ = {isa = PBXBuildFile; fileRef = 7193929E2E07BCB000B36DBC /* RefreshingView.swift */; };
		719392A12E07BEEA00B36DBC /* Refresh.swift in Sources */ = {isa = PBXBuildFile; fileRef = 719392A02E07BEEA00B36DBC /* Refresh.swift */; };
		719392A52E07C0B400B36DBC /* RefreshHeader.swift in Sources */ = {isa = PBXBuildFile; fileRef = 719392A42E07C0B400B36DBC /* RefreshHeader.swift */; };
		719392A72E07C18900B36DBC /* RefreshHeaderKey.swift in Sources */ = {isa = PBXBuildFile; fileRef = 719392A62E07C18900B36DBC /* RefreshHeaderKey.swift */; };
		719392A92E07C1FA00B36DBC /* RefreshFooterKey.swift in Sources */ = {isa = PBXBuildFile; fileRef = 719392A82E07C1FA00B36DBC /* RefreshFooterKey.swift */; };
		719392AB2E07C23000B36DBC /* RefreshFooter.swift in Sources */ = {isa = PBXBuildFile; fileRef = 719392AA2E07C23000B36DBC /* RefreshFooter.swift */; };
		719392AD2E07C31B00B36DBC /* EventsItemView.swift in Sources */ = {isa = PBXBuildFile; fileRef = 719392AC2E07C31B00B36DBC /* EventsItemView.swift */; };
		719392AF2E07C3EB00B36DBC /* List+Refresh.swift in Sources */ = {isa = PBXBuildFile; fileRef = 719392AE2E07C3EB00B36DBC /* List+Refresh.swift */; };
		719392B12E07C46900B36DBC /* RefreshModifier.swift in Sources */ = {isa = PBXBuildFile; fileRef = 719392B02E07C46900B36DBC /* RefreshModifier.swift */; };
		719392B32E07C6B700B36DBC /* View+Extension.swift in Sources */ = {isa = PBXBuildFile; fileRef = 719392B22E07C6B700B36DBC /* View+Extension.swift */; };
		719392B52E07C72300B36DBC /* NavigationBar.swift in Sources */ = {isa = PBXBuildFile; fileRef = 719392B42E07C72300B36DBC /* NavigationBar.swift */; };
		719392B72E07CA4500B36DBC /* EventWatchRestfulAPI.swift in Sources */ = {isa = PBXBuildFile; fileRef = 719392B62E07CA4500B36DBC /* EventWatchRestfulAPI.swift */; };
		71A93CBE2DFABBA7000C0B5F /* Event Watch App.app in Embed Watch Content */ = {isa = PBXBuildFile; fileRef = 71A93CBD2DFABBA7000C0B5F /* Event Watch App.app */; settings = {ATTRIBUTES = (RemoveHeadersOnCopy, ); }; };
		71A93CC32DFABBA7000C0B5F /* EventApp.swift in Sources */ = {isa = PBXBuildFile; fileRef = 71A93CC22DFABBA7000C0B5F /* EventApp.swift */; };
/* End PBXBuildFile section */

/* Begin PBXContainerItemProxy section */
		71A93CBF2DFABBA7000C0B5F /* PBXContainerItemProxy */ = {
			isa = PBXContainerItemProxy;
			containerPortal = 71A93CB12DFABBA6000C0B5F /* Project object */;
			proxyType = 1;
			remoteGlobalIDString = 71A93CBC2DFABBA7000C0B5F;
			remoteInfo = "Event Watch App";
		};
/* End PBXContainerItemProxy section */

/* Begin PBXCopyFilesBuildPhase section */
		71A93CD02DFABBAA000C0B5F /* Embed Watch Content */ = {
			isa = PBXCopyFilesBuildPhase;
			buildActionMask = 2147483647;
			dstPath = "$(CONTENTS_FOLDER_PATH)/Watch";
			dstSubfolderSpec = 16;
			files = (
				71A93CBE2DFABBA7000C0B5F /* Event Watch App.app in Embed Watch Content */,
			);
			name = "Embed Watch Content";
			runOnlyForDeploymentPostprocessing = 0;
		};
/* End PBXCopyFilesBuildPhase section */

/* Begin PBXFileReference section */
		714CE5002DFC36DF00B255AA /* RequestAuthenticationViewModel.swift */ = {isa = PBXFileReference; lastKnownFileType = sourcecode.swift; path = RequestAuthenticationViewModel.swift; sourceTree = "<group>"; };
		714CE5022DFC379800B255AA /* RequestAuthenticationView.swift */ = {isa = PBXFileReference; lastKnownFileType = sourcecode.swift; path = RequestAuthenticationView.swift; sourceTree = "<group>"; };
		714CE7FE2DFC663A00B255AA /* PrimaryButton.swift */ = {isa = PBXFileReference; lastKnownFileType = sourcecode.swift; path = PrimaryButton.swift; sourceTree = "<group>"; };
		714CE8012DFC7EF800B255AA /* HomeViewModel.swift */ = {isa = PBXFileReference; lastKnownFileType = sourcecode.swift; path = HomeViewModel.swift; sourceTree = "<group>"; };
		714CE8032DFC7F4000B255AA /* HomeView.swift */ = {isa = PBXFileReference; lastKnownFileType = sourcecode.swift; path = HomeView.swift; sourceTree = "<group>"; };
		715CF8492DFAD7AE0025D4A2 /* Preview Assets.xcassets */ = {isa = PBXFileReference; lastKnownFileType = folder.assetcatalog; path = "Preview Assets.xcassets"; sourceTree = "<group>"; };
		715CF8602DFAE0430025D4A2 /* Assets.xcassets */ = {isa = PBXFileReference; lastKnownFileType = folder.assetcatalog; path = Assets.xcassets; sourceTree = "<group>"; };
		715CF8642DFAE4780025D4A2 /* WatchAppIcon.swift */ = {isa = PBXFileReference; fileEncoding = 4; lastKnownFileType = sourcecode.swift; path = WatchAppIcon.swift; sourceTree = "<group>"; };
		715CF8652DFAE4780025D4A2 /* WatchAppFont.swift */ = {isa = PBXFileReference; fileEncoding = 4; lastKnownFileType = sourcecode.swift; path = WatchAppFont.swift; sourceTree = "<group>"; };
		715CF8662DFAE4780025D4A2 /* WatchAppSize.swift */ = {isa = PBXFileReference; fileEncoding = 4; lastKnownFileType = sourcecode.swift; path = WatchAppSize.swift; sourceTree = "<group>"; };
		715CF86A2DFB03E00025D4A2 /* SpashView.swift */ = {isa = PBXFileReference; fileEncoding = 4; lastKnownFileType = sourcecode.swift; path = SpashView.swift; sourceTree = "<group>"; };
		715CF86C2DFB04070025D4A2 /* MainViewModel.swift */ = {isa = PBXFileReference; fileEncoding = 4; lastKnownFileType = sourcecode.swift; path = MainViewModel.swift; sourceTree = "<group>"; };
		715CF86D2DFB04070025D4A2 /* MainView.swift */ = {isa = PBXFileReference; fileEncoding = 4; lastKnownFileType = sourcecode.swift; path = MainView.swift; sourceTree = "<group>"; };
		715CF8722DFB0F900025D4A2 /* BaseView.swift */ = {isa = PBXFileReference; fileEncoding = 4; lastKnownFileType = sourcecode.swift; path = BaseView.swift; sourceTree = "<group>"; };
		715CF8732DFB0F900025D4A2 /* BaseViewModel.swift */ = {isa = PBXFileReference; fileEncoding = 4; lastKnownFileType = sourcecode.swift; path = BaseViewModel.swift; sourceTree = "<group>"; };
		715CF9802DFC32620025D4A2 /* Color+Extension.swift */ = {isa = PBXFileReference; lastKnownFileType = sourcecode.swift; path = "Color+Extension.swift"; sourceTree = "<group>"; };
		717221722E06A8FB00D2818A /* EventsView.swift */ = {isa = PBXFileReference; lastKnownFileType = sourcecode.swift; path = EventsView.swift; sourceTree = "<group>"; };
		717221742E06A93800D2818A /* EventsViewModel.swift */ = {isa = PBXFileReference; lastKnownFileType = sourcecode.swift; path = EventsViewModel.swift; sourceTree = "<group>"; };
		717221782E06B50A00D2818A /* WatchService.swift */ = {isa = PBXFileReference; lastKnownFileType = sourcecode.swift; path = WatchService.swift; sourceTree = "<group>"; };
		7172217A2E06B56E00D2818A /* WatchServiceContainer.swift */ = {isa = PBXFileReference; lastKnownFileType = sourcecode.swift; path = WatchServiceContainer.swift; sourceTree = "<group>"; };
		7172217D2E06B7B400D2818A /* EventWatchAPI.swift */ = {isa = PBXFileReference; lastKnownFileType = sourcecode.swift; path = EventWatchAPI.swift; sourceTree = "<group>"; };
		7193928E2E07AC4000B36DBC /* EventsModel.swift */ = {isa = PBXFileReference; lastKnownFileType = sourcecode.swift; path = EventsModel.swift; sourceTree = "<group>"; };
		719392902E07ACAB00B36DBC /* String.swift */ = {isa = PBXFileReference; lastKnownFileType = sourcecode.swift; path = String.swift; sourceTree = "<group>"; };
		719392952E07AD2B00B36DBC /* DateTimeFormatType.swift */ = {isa = PBXFileReference; lastKnownFileType = sourcecode.swift; path = DateTimeFormatType.swift; sourceTree = "<group>"; };
		719392972E07AE3300B36DBC /* Date.swift */ = {isa = PBXFileReference; lastKnownFileType = sourcecode.swift; path = Date.swift; sourceTree = "<group>"; };
		719392992E07AF5000B36DBC /* Foundation.swift */ = {isa = PBXFileReference; lastKnownFileType = sourcecode.swift; path = Foundation.swift; sourceTree = "<group>"; };
		7193929C2E07BC1400B36DBC /* NoMoreView.swift */ = {isa = PBXFileReference; lastKnownFileType = sourcecode.swift; path = NoMoreView.swift; sourceTree = "<group>"; };
		7193929E2E07BCB000B36DBC /* RefreshingView.swift */ = {isa = PBXFileReference; lastKnownFileType = sourcecode.swift; path = RefreshingView.swift; sourceTree = "<group>"; };
		719392A02E07BEEA00B36DBC /* Refresh.swift */ = {isa = PBXFileReference; lastKnownFileType = sourcecode.swift; path = Refresh.swift; sourceTree = "<group>"; };
		719392A42E07C0B400B36DBC /* RefreshHeader.swift */ = {isa = PBXFileReference; lastKnownFileType = sourcecode.swift; path = RefreshHeader.swift; sourceTree = "<group>"; };
		719392A62E07C18900B36DBC /* RefreshHeaderKey.swift */ = {isa = PBXFileReference; lastKnownFileType = sourcecode.swift; path = RefreshHeaderKey.swift; sourceTree = "<group>"; };
		719392A82E07C1FA00B36DBC /* RefreshFooterKey.swift */ = {isa = PBXFileReference; lastKnownFileType = sourcecode.swift; path = RefreshFooterKey.swift; sourceTree = "<group>"; };
		719392AA2E07C23000B36DBC /* RefreshFooter.swift */ = {isa = PBXFileReference; lastKnownFileType = sourcecode.swift; path = RefreshFooter.swift; sourceTree = "<group>"; };
		719392AC2E07C31B00B36DBC /* EventsItemView.swift */ = {isa = PBXFileReference; lastKnownFileType = sourcecode.swift; path = EventsItemView.swift; sourceTree = "<group>"; };
		719392AE2E07C3EB00B36DBC /* List+Refresh.swift */ = {isa = PBXFileReference; lastKnownFileType = sourcecode.swift; path = "List+Refresh.swift"; sourceTree = "<group>"; };
		719392B02E07C46900B36DBC /* RefreshModifier.swift */ = {isa = PBXFileReference; lastKnownFileType = sourcecode.swift; path = RefreshModifier.swift; sourceTree = "<group>"; };
		719392B22E07C6B700B36DBC /* View+Extension.swift */ = {isa = PBXFileReference; lastKnownFileType = sourcecode.swift; path = "View+Extension.swift"; sourceTree = "<group>"; };
		719392B42E07C72300B36DBC /* NavigationBar.swift */ = {isa = PBXFileReference; lastKnownFileType = sourcecode.swift; path = NavigationBar.swift; sourceTree = "<group>"; };
		719392B62E07CA4500B36DBC /* EventWatchRestfulAPI.swift */ = {isa = PBXFileReference; lastKnownFileType = sourcecode.swift; path = EventWatchRestfulAPI.swift; sourceTree = "<group>"; };
		71A93CB72DFABBA7000C0B5F /* Event.app */ = {isa = PBXFileReference; explicitFileType = wrapper.application; includeInIndex = 0; path = Event.app; sourceTree = BUILT_PRODUCTS_DIR; };
		71A93CBD2DFABBA7000C0B5F /* Event Watch App.app */ = {isa = PBXFileReference; explicitFileType = wrapper.application; includeInIndex = 0; path = "Event Watch App.app"; sourceTree = BUILT_PRODUCTS_DIR; };
		71A93CC22DFABBA7000C0B5F /* EventApp.swift */ = {isa = PBXFileReference; lastKnownFileType = sourcecode.swift; path = EventApp.swift; sourceTree = "<group>"; };
/* End PBXFileReference section */

/* Begin PBXFrameworksBuildPhase section */
		71A93CBA2DFABBA7000C0B5F /* Frameworks */ = {
			isa = PBXFrameworksBuildPhase;
			buildActionMask = 2147483647;
			files = (
				715CF85B2DFADA130025D4A2 /* RxSwift-Dynamic in Frameworks */,
				715CF85D2DFADA130025D4A2 /* RxTest in Frameworks */,
				715CF8552DFADA130025D4A2 /* RxRelay in Frameworks */,
				715CF8532DFADA130025D4A2 /* RxCocoa-Dynamic in Frameworks */,
				715CF8572DFADA130025D4A2 /* RxRelay-Dynamic in Frameworks */,
				715CF8512DFADA130025D4A2 /* RxCocoa in Frameworks */,
				715CF84D2DFADA130025D4A2 /* RxBlocking in Frameworks */,
				715CF84F2DFADA130025D4A2 /* RxBlocking-Dynamic in Frameworks */,
				715CF85F2DFADA130025D4A2 /* RxTest-Dynamic in Frameworks */,
				715CF8592DFADA130025D4A2 /* RxSwift in Frameworks */,
			);
			runOnlyForDeploymentPostprocessing = 0;
		};
/* End PBXFrameworksBuildPhase section */

/* Begin PBXGroup section */
		714CE4FF2DFC36B000B255AA /* Auth */ = {
			isa = PBXGroup;
			children = (
				714CE5002DFC36DF00B255AA /* RequestAuthenticationViewModel.swift */,
				714CE5022DFC379800B255AA /* RequestAuthenticationView.swift */,
			);
			path = Auth;
			sourceTree = "<group>";
		};
		714CE7FD2DFC661A00B255AA /* View */ = {
			isa = PBXGroup;
			children = (
				7193929B2E07BBD900B36DBC /* Refresh */,
				714CE7FE2DFC663A00B255AA /* PrimaryButton.swift */,
				719392B42E07C72300B36DBC /* NavigationBar.swift */,
			);
			path = View;
			sourceTree = "<group>";
		};
		714CE8002DFC7ECA00B255AA /* Home */ = {
			isa = PBXGroup;
			children = (
				717221712E06A7ED00D2818A /* Events */,
				714CE8012DFC7EF800B255AA /* HomeViewModel.swift */,
				714CE8032DFC7F4000B255AA /* HomeView.swift */,
			);
			path = Home;
			sourceTree = "<group>";
		};
		715CF83D2DFAD7610025D4A2 /* Sources */ = {
			isa = PBXGroup;
			children = (
				717221762E06B4EC00D2818A /* Data */,
				715CF8702DFB0F6B0025D4A2 /* Common */,
				715CF8622DFAE4780025D4A2 /* Helpers */,
				715CF83E2DFAD7610025D4A2 /* Modules */,
			);
			path = Sources;
			sourceTree = "<group>";
		};
		715CF83E2DFAD7610025D4A2 /* Modules */ = {
			isa = PBXGroup;
			children = (
				714CE8002DFC7ECA00B255AA /* Home */,
				714CE4FF2DFC36B000B255AA /* Auth */,
				715CF83F2DFAD7610025D4A2 /* Splash */,
				715CF8402DFAD7610025D4A2 /* Main */,
			);
			path = Modules;
			sourceTree = "<group>";
		};
		715CF83F2DFAD7610025D4A2 /* Splash */ = {
			isa = PBXGroup;
			children = (
				715CF86A2DFB03E00025D4A2 /* SpashView.swift */,
			);
			path = Splash;
			sourceTree = "<group>";
		};
		715CF8402DFAD7610025D4A2 /* Main */ = {
			isa = PBXGroup;
			children = (
				715CF86D2DFB04070025D4A2 /* MainView.swift */,
				715CF86C2DFB04070025D4A2 /* MainViewModel.swift */,
			);
			path = Main;
			sourceTree = "<group>";
		};
		715CF8432DFAD7610025D4A2 /* Resources */ = {
			isa = PBXGroup;
			children = (
				715CF8602DFAE0430025D4A2 /* Assets.xcassets */,
			);
			path = Resources;
			sourceTree = "<group>";
		};
		715CF8482DFAD7AE0025D4A2 /* Preview Content */ = {
			isa = PBXGroup;
			children = (
				715CF8492DFAD7AE0025D4A2 /* Preview Assets.xcassets */,
			);
			path = "Preview Content";
			sourceTree = "<group>";
		};
		715CF8622DFAE4780025D4A2 /* Helpers */ = {
			isa = PBXGroup;
			children = (
				715CF8632DFAE4780025D4A2 /* Style */,
			);
			path = Helpers;
			sourceTree = "<group>";
		};
		715CF8632DFAE4780025D4A2 /* Style */ = {
			isa = PBXGroup;
			children = (
				715CF8642DFAE4780025D4A2 /* WatchAppIcon.swift */,
				715CF8652DFAE4780025D4A2 /* WatchAppFont.swift */,
				715CF8662DFAE4780025D4A2 /* WatchAppSize.swift */,
			);
			path = Style;
			sourceTree = "<group>";
		};
		715CF8702DFB0F6B0025D4A2 /* Common */ = {
			isa = PBXGroup;
			children = (
				719392942E07AD0D00B36DBC /* Types */,
				714CE7FD2DFC661A00B255AA /* View */,
				715CF97F2DFC32330025D4A2 /* Extensions */,
				715CF8712DFB0F770025D4A2 /* Bases */,
			);
			path = Common;
			sourceTree = "<group>";
		};
		715CF8712DFB0F770025D4A2 /* Bases */ = {
			isa = PBXGroup;
			children = (
				715CF8722DFB0F900025D4A2 /* BaseView.swift */,
				715CF8732DFB0F900025D4A2 /* BaseViewModel.swift */,
			);
			path = Bases;
			sourceTree = "<group>";
		};
		715CF97F2DFC32330025D4A2 /* Extensions */ = {
			isa = PBXGroup;
			children = (
				715CF9802DFC32620025D4A2 /* Color+Extension.swift */,
				719392902E07ACAB00B36DBC /* String.swift */,
				719392972E07AE3300B36DBC /* Date.swift */,
				719392992E07AF5000B36DBC /* Foundation.swift */,
				719392B22E07C6B700B36DBC /* View+Extension.swift */,
			);
			path = Extensions;
			sourceTree = "<group>";
		};
		717221712E06A7ED00D2818A /* Events */ = {
			isa = PBXGroup;
			children = (
				717221722E06A8FB00D2818A /* EventsView.swift */,
				717221742E06A93800D2818A /* EventsViewModel.swift */,
				719392AC2E07C31B00B36DBC /* EventsItemView.swift */,
			);
			path = Events;
			sourceTree = "<group>";
		};
		717221762E06B4EC00D2818A /* Data */ = {
			isa = PBXGroup;
			children = (
				7193928D2E07AC2B00B36DBC /* Models */,
				717221772E06B4F500D2818A /* Services */,
			);
			path = Data;
			sourceTree = "<group>";
		};
		717221772E06B4F500D2818A /* Services */ = {
			isa = PBXGroup;
			children = (
				7172217C2E06B77E00D2818A /* Networking */,
				717221782E06B50A00D2818A /* WatchService.swift */,
				7172217A2E06B56E00D2818A /* WatchServiceContainer.swift */,
			);
			path = Services;
			sourceTree = "<group>";
		};
		7172217C2E06B77E00D2818A /* Networking */ = {
			isa = PBXGroup;
			children = (
				7172217D2E06B7B400D2818A /* EventWatchAPI.swift */,
				719392B62E07CA4500B36DBC /* EventWatchRestfulAPI.swift */,
			);
			path = Networking;
			sourceTree = "<group>";
		};
		7193928D2E07AC2B00B36DBC /* Models */ = {
			isa = PBXGroup;
			children = (
				7193928E2E07AC4000B36DBC /* EventsModel.swift */,
			);
			path = Models;
			sourceTree = "<group>";
		};
		719392942E07AD0D00B36DBC /* Types */ = {
			isa = PBXGroup;
			children = (
				719392952E07AD2B00B36DBC /* DateTimeFormatType.swift */,
			);
			path = Types;
			sourceTree = "<group>";
		};
		7193929B2E07BBD900B36DBC /* Refresh */ = {
			isa = PBXGroup;
			children = (
				719392A32E07C06F00B36DBC /* RefreshExtensions */,
				7193929C2E07BC1400B36DBC /* NoMoreView.swift */,
				7193929E2E07BCB000B36DBC /* RefreshingView.swift */,
				719392A02E07BEEA00B36DBC /* Refresh.swift */,
			);
			path = Refresh;
			sourceTree = "<group>";
		};
		719392A32E07C06F00B36DBC /* RefreshExtensions */ = {
			isa = PBXGroup;
			children = (
				719392A42E07C0B400B36DBC /* RefreshHeader.swift */,
				719392A62E07C18900B36DBC /* RefreshHeaderKey.swift */,
				719392A82E07C1FA00B36DBC /* RefreshFooterKey.swift */,
				719392AA2E07C23000B36DBC /* RefreshFooter.swift */,
				719392AE2E07C3EB00B36DBC /* List+Refresh.swift */,
				719392B02E07C46900B36DBC /* RefreshModifier.swift */,
			);
			path = RefreshExtensions;
			sourceTree = "<group>";
		};
		71A93CB02DFABBA6000C0B5F = {
			isa = PBXGroup;
			children = (
				71A93CC12DFABBA7000C0B5F /* Event Watch App */,
				71A93CB82DFABBA7000C0B5F /* Products */,
			);
			sourceTree = "<group>";
		};
		71A93CB82DFABBA7000C0B5F /* Products */ = {
			isa = PBXGroup;
			children = (
				71A93CB72DFABBA7000C0B5F /* Event.app */,
				71A93CBD2DFABBA7000C0B5F /* Event Watch App.app */,
			);
			name = Products;
			sourceTree = "<group>";
		};
		71A93CC12DFABBA7000C0B5F /* Event Watch App */ = {
			isa = PBXGroup;
			children = (
				715CF8482DFAD7AE0025D4A2 /* Preview Content */,
				715CF8432DFAD7610025D4A2 /* Resources */,
				715CF83D2DFAD7610025D4A2 /* Sources */,
				71A93CC22DFABBA7000C0B5F /* EventApp.swift */,
			);
			path = "Event Watch App";
			sourceTree = "<group>";
		};
/* End PBXGroup section */

/* Begin PBXNativeTarget section */
		71A93CB62DFABBA7000C0B5F /* Event */ = {
			isa = PBXNativeTarget;
			buildConfigurationList = 71A93CD12DFABBAA000C0B5F /* Build configuration list for PBXNativeTarget "Event" */;
			buildPhases = (
				71A93CB52DFABBA7000C0B5F /* Resources */,
				71A93CD02DFABBAA000C0B5F /* Embed Watch Content */,
			);
			buildRules = (
			);
			dependencies = (
				71A93CC02DFABBA7000C0B5F /* PBXTargetDependency */,
			);
			name = Event;
			productName = Event;
			productReference = 71A93CB72DFABBA7000C0B5F /* Event.app */;
			productType = "com.apple.product-type.application.watchapp2-container";
		};
		71A93CBC2DFABBA7000C0B5F /* Event Watch App */ = {
			isa = PBXNativeTarget;
			buildConfigurationList = 71A93CCD2DFABBAA000C0B5F /* Build configuration list for PBXNativeTarget "Event Watch App" */;
			buildPhases = (
				71A93CB92DFABBA7000C0B5F /* Sources */,
				71A93CBA2DFABBA7000C0B5F /* Frameworks */,
				71A93CBB2DFABBA7000C0B5F /* Resources */,
			);
			buildRules = (
			);
			dependencies = (
			);
			name = "Event Watch App";
			packageProductDependencies = (
				715CF84C2DFADA130025D4A2 /* RxBlocking */,
				715CF84E2DFADA130025D4A2 /* RxBlocking-Dynamic */,
				715CF8502DFADA130025D4A2 /* RxCocoa */,
				715CF8522DFADA130025D4A2 /* RxCocoa-Dynamic */,
				715CF8542DFADA130025D4A2 /* RxRelay */,
				715CF8562DFADA130025D4A2 /* RxRelay-Dynamic */,
				715CF8582DFADA130025D4A2 /* RxSwift */,
				715CF85A2DFADA130025D4A2 /* RxSwift-Dynamic */,
				715CF85C2DFADA130025D4A2 /* RxTest */,
				715CF85E2DFADA130025D4A2 /* RxTest-Dynamic */,
			);
			productName = "Event Watch App";
			productReference = 71A93CBD2DFABBA7000C0B5F /* Event Watch App.app */;
			productType = "com.apple.product-type.application";
		};
/* End PBXNativeTarget section */

/* Begin PBXProject section */
		71A93CB12DFABBA6000C0B5F /* Project object */ = {
			isa = PBXProject;
			attributes = {
				BuildIndependentTargetsInParallel = 1;
				LastSwiftUpdateCheck = 1520;
				LastUpgradeCheck = 1520;
				TargetAttributes = {
					71A93CB62DFABBA7000C0B5F = {
						CreatedOnToolsVersion = 15.2;
					};
					71A93CBC2DFABBA7000C0B5F = {
						CreatedOnToolsVersion = 15.2;
					};
				};
			};
			buildConfigurationList = 71A93CB42DFABBA6000C0B5F /* Build configuration list for PBXProject "Event" */;
			compatibilityVersion = "Xcode 14.0";
			developmentRegion = en;
			hasScannedForEncodings = 0;
			knownRegions = (
				en,
				Base,
			);
			mainGroup = 71A93CB02DFABBA6000C0B5F;
			packageReferences = (
				715CF84B2DFADA130025D4A2 /* XCRemoteSwiftPackageReference "RxSwift" */,
			);
			productRefGroup = 71A93CB82DFABBA7000C0B5F /* Products */;
			projectDirPath = "";
			projectRoot = "";
			targets = (
				71A93CB62DFABBA7000C0B5F /* Event */,
				71A93CBC2DFABBA7000C0B5F /* Event Watch App */,
			);
		};
/* End PBXProject section */

/* Begin PBXResourcesBuildPhase section */
		71A93CB52DFABBA7000C0B5F /* Resources */ = {
			isa = PBXResourcesBuildPhase;
			buildActionMask = 2147483647;
			files = (
			);
			runOnlyForDeploymentPostprocessing = 0;
		};
		71A93CBB2DFABBA7000C0B5F /* Resources */ = {
			isa = PBXResourcesBuildPhase;
			buildActionMask = 2147483647;
			files = (
				715CF84A2DFAD7AE0025D4A2 /* Preview Assets.xcassets in Resources */,
				715CF8612DFAE0430025D4A2 /* Assets.xcassets in Resources */,
			);
			runOnlyForDeploymentPostprocessing = 0;
		};
/* End PBXResourcesBuildPhase section */

/* Begin PBXSourcesBuildPhase section */
		71A93CB92DFABBA7000C0B5F /* Sources */ = {
			isa = PBXSourcesBuildPhase;
			buildActionMask = 2147483647;
			files = (
				715CF86B2DFB03E00025D4A2 /* SpashView.swift in Sources */,
				715CF9812DFC32620025D4A2 /* Color+Extension.swift in Sources */,
				714CE5032DFC379800B255AA /* RequestAuthenticationView.swift in Sources */,
				719392AF2E07C3EB00B36DBC /* List+Refresh.swift in Sources */,
				714CE8042DFC7F4000B255AA /* HomeView.swift in Sources */,
				719392A72E07C18900B36DBC /* RefreshHeaderKey.swift in Sources */,
				715CF86F2DFB04070025D4A2 /* MainView.swift in Sources */,
				71A93CC32DFABBA7000C0B5F /* EventApp.swift in Sources */,
				714CE7FF2DFC663A00B255AA /* PrimaryButton.swift in Sources */,
				715CF8672DFAE4780025D4A2 /* WatchAppIcon.swift in Sources */,
				7172217B2E06B56E00D2818A /* WatchServiceContainer.swift in Sources */,
				715CF8692DFAE4780025D4A2 /* WatchAppSize.swift in Sources */,
				719392A52E07C0B400B36DBC /* RefreshHeader.swift in Sources */,
				719392AB2E07C23000B36DBC /* RefreshFooter.swift in Sources */,
				719392A92E07C1FA00B36DBC /* RefreshFooterKey.swift in Sources */,
				7193929D2E07BC1400B36DBC /* NoMoreView.swift in Sources */,
				715CF8752DFB0F900025D4A2 /* BaseViewModel.swift in Sources */,
				717221752E06A93800D2818A /* EventsViewModel.swift in Sources */,
				719392912E07ACAB00B36DBC /* String.swift in Sources */,
				714CE8022DFC7EF800B255AA /* HomeViewModel.swift in Sources */,
				7193929F2E07BCB000B36DBC /* RefreshingView.swift in Sources */,
				7172217E2E06B7B400D2818A /* EventWatchAPI.swift in Sources */,
				717221732E06A8FB00D2818A /* EventsView.swift in Sources */,
				715CF8682DFAE4780025D4A2 /* WatchAppFont.swift in Sources */,
				7193928F2E07AC4000B36DBC /* EventsModel.swift in Sources */,
				7193929A2E07AF5000B36DBC /* Foundation.swift in Sources */,
				715CF86E2DFB04070025D4A2 /* MainViewModel.swift in Sources */,
				719392B12E07C46900B36DBC /* RefreshModifier.swift in Sources */,
				719392982E07AE3300B36DBC /* Date.swift in Sources */,
				715CF8742DFB0F900025D4A2 /* BaseView.swift in Sources */,
				714CE5012DFC36DF00B255AA /* RequestAuthenticationViewModel.swift in Sources */,
				717221792E06B50A00D2818A /* WatchService.swift in Sources */,
				719392AD2E07C31B00B36DBC /* EventsItemView.swift in Sources */,
				719392B72E07CA4500B36DBC /* EventWatchRestfulAPI.swift in Sources */,
				719392962E07AD2B00B36DBC /* DateTimeFormatType.swift in Sources */,
				719392B32E07C6B700B36DBC /* View+Extension.swift in Sources */,
				719392B52E07C72300B36DBC /* NavigationBar.swift in Sources */,
				719392A12E07BEEA00B36DBC /* Refresh.swift in Sources */,
			);
			runOnlyForDeploymentPostprocessing = 0;
		};
/* End PBXSourcesBuildPhase section */

/* Begin PBXTargetDependency section */
		71A93CC02DFABBA7000C0B5F /* PBXTargetDependency */ = {
			isa = PBXTargetDependency;
			target = 71A93CBC2DFABBA7000C0B5F /* Event Watch App */;
			targetProxy = 71A93CBF2DFABBA7000C0B5F /* PBXContainerItemProxy */;
		};
/* End PBXTargetDependency section */

/* Begin XCBuildConfiguration section */
		71A93CCB2DFABBAA000C0B5F /* Debug */ = {
			isa = XCBuildConfiguration;
			buildSettings = {
				ALWAYS_SEARCH_USER_PATHS = NO;
				ASSETCATALOG_COMPILER_GENERATE_SWIFT_ASSET_SYMBOL_EXTENSIONS = YES;
				CLANG_ANALYZER_NONNULL = YES;
				CLANG_ANALYZER_NUMBER_OBJECT_CONVERSION = YES_AGGRESSIVE;
				CLANG_CXX_LANGUAGE_STANDARD = "gnu++20";
				CLANG_ENABLE_MODULES = YES;
				CLANG_ENABLE_OBJC_ARC = YES;
				CLANG_ENABLE_OBJC_WEAK = YES;
				CLANG_WARN_BLOCK_CAPTURE_AUTORELEASING = YES;
				CLANG_WARN_BOOL_CONVERSION = YES;
				CLANG_WARN_COMMA = YES;
				CLANG_WARN_CONSTANT_CONVERSION = YES;
				CLANG_WARN_DEPRECATED_OBJC_IMPLEMENTATIONS = YES;
				CLANG_WARN_DIRECT_OBJC_ISA_USAGE = YES_ERROR;
				CLANG_WARN_DOCUMENTATION_COMMENTS = YES;
				CLANG_WARN_EMPTY_BODY = YES;
				CLANG_WARN_ENUM_CONVERSION = YES;
				CLANG_WARN_INFINITE_RECURSION = YES;
				CLANG_WARN_INT_CONVERSION = YES;
				CLANG_WARN_NON_LITERAL_NULL_CONVERSION = YES;
				CLANG_WARN_OBJC_IMPLICIT_RETAIN_SELF = YES;
				CLANG_WARN_OBJC_LITERAL_CONVERSION = YES;
				CLANG_WARN_OBJC_ROOT_CLASS = YES_ERROR;
				CLANG_WARN_QUOTED_INCLUDE_IN_FRAMEWORK_HEADER = YES;
				CLANG_WARN_RANGE_LOOP_ANALYSIS = YES;
				CLANG_WARN_STRICT_PROTOTYPES = YES;
				CLANG_WARN_SUSPICIOUS_MOVE = YES;
				CLANG_WARN_UNGUARDED_AVAILABILITY = YES_AGGRESSIVE;
				CLANG_WARN_UNREACHABLE_CODE = YES;
				CLANG_WARN__DUPLICATE_METHOD_MATCH = YES;
				COPY_PHASE_STRIP = NO;
				DEBUG_INFORMATION_FORMAT = dwarf;
				ENABLE_STRICT_OBJC_MSGSEND = YES;
				ENABLE_TESTABILITY = YES;
				ENABLE_USER_SCRIPT_SANDBOXING = YES;
				GCC_C_LANGUAGE_STANDARD = gnu17;
				GCC_DYNAMIC_NO_PIC = NO;
				GCC_NO_COMMON_BLOCKS = YES;
				GCC_OPTIMIZATION_LEVEL = 0;
				GCC_PREPROCESSOR_DEFINITIONS = (
					"DEBUG=1",
					"$(inherited)",
				);
				GCC_WARN_64_TO_32_BIT_CONVERSION = YES;
				GCC_WARN_ABOUT_RETURN_TYPE = YES_ERROR;
				GCC_WARN_UNDECLARED_SELECTOR = YES;
				GCC_WARN_UNINITIALIZED_AUTOS = YES_AGGRESSIVE;
				GCC_WARN_UNUSED_FUNCTION = YES;
				GCC_WARN_UNUSED_VARIABLE = YES;
				LOCALIZATION_PREFERS_STRING_CATALOGS = YES;
				MTL_ENABLE_DEBUG_INFO = INCLUDE_SOURCE;
				MTL_FAST_MATH = YES;
				ONLY_ACTIVE_ARCH = YES;
				SWIFT_ACTIVE_COMPILATION_CONDITIONS = "DEBUG $(inherited)";
				SWIFT_OPTIMIZATION_LEVEL = "-Onone";
			};
			name = Debug;
		};
		71A93CCC2DFABBAA000C0B5F /* Release */ = {
			isa = XCBuildConfiguration;
			buildSettings = {
				ALWAYS_SEARCH_USER_PATHS = NO;
				ASSETCATALOG_COMPILER_GENERATE_SWIFT_ASSET_SYMBOL_EXTENSIONS = YES;
				CLANG_ANALYZER_NONNULL = YES;
				CLANG_ANALYZER_NUMBER_OBJECT_CONVERSION = YES_AGGRESSIVE;
				CLANG_CXX_LANGUAGE_STANDARD = "gnu++20";
				CLANG_ENABLE_MODULES = YES;
				CLANG_ENABLE_OBJC_ARC = YES;
				CLANG_ENABLE_OBJC_WEAK = YES;
				CLANG_WARN_BLOCK_CAPTURE_AUTORELEASING = YES;
				CLANG_WARN_BOOL_CONVERSION = YES;
				CLANG_WARN_COMMA = YES;
				CLANG_WARN_CONSTANT_CONVERSION = YES;
				CLANG_WARN_DEPRECATED_OBJC_IMPLEMENTATIONS = YES;
				CLANG_WARN_DIRECT_OBJC_ISA_USAGE = YES_ERROR;
				CLANG_WARN_DOCUMENTATION_COMMENTS = YES;
				CLANG_WARN_EMPTY_BODY = YES;
				CLANG_WARN_ENUM_CONVERSION = YES;
				CLANG_WARN_INFINITE_RECURSION = YES;
				CLANG_WARN_INT_CONVERSION = YES;
				CLANG_WARN_NON_LITERAL_NULL_CONVERSION = YES;
				CLANG_WARN_OBJC_IMPLICIT_RETAIN_SELF = YES;
				CLANG_WARN_OBJC_LITERAL_CONVERSION = YES;
				CLANG_WARN_OBJC_ROOT_CLASS = YES_ERROR;
				CLANG_WARN_QUOTED_INCLUDE_IN_FRAMEWORK_HEADER = YES;
				CLANG_WARN_RANGE_LOOP_ANALYSIS = YES;
				CLANG_WARN_STRICT_PROTOTYPES = YES;
				CLANG_WARN_SUSPICIOUS_MOVE = YES;
				CLANG_WARN_UNGUARDED_AVAILABILITY = YES_AGGRESSIVE;
				CLANG_WARN_UNREACHABLE_CODE = YES;
				CLANG_WARN__DUPLICATE_METHOD_MATCH = YES;
				COPY_PHASE_STRIP = NO;
				DEBUG_INFORMATION_FORMAT = "dwarf-with-dsym";
				ENABLE_NS_ASSERTIONS = NO;
				ENABLE_STRICT_OBJC_MSGSEND = YES;
				ENABLE_USER_SCRIPT_SANDBOXING = YES;
				GCC_C_LANGUAGE_STANDARD = gnu17;
				GCC_NO_COMMON_BLOCKS = YES;
				GCC_WARN_64_TO_32_BIT_CONVERSION = YES;
				GCC_WARN_ABOUT_RETURN_TYPE = YES_ERROR;
				GCC_WARN_UNDECLARED_SELECTOR = YES;
				GCC_WARN_UNINITIALIZED_AUTOS = YES_AGGRESSIVE;
				GCC_WARN_UNUSED_FUNCTION = YES;
				GCC_WARN_UNUSED_VARIABLE = YES;
				LOCALIZATION_PREFERS_STRING_CATALOGS = YES;
				MTL_ENABLE_DEBUG_INFO = NO;
				MTL_FAST_MATH = YES;
				SWIFT_COMPILATION_MODE = wholemodule;
			};
			name = Release;
		};
		71A93CCE2DFABBAA000C0B5F /* Debug */ = {
			isa = XCBuildConfiguration;
			buildSettings = {
				ASSETCATALOG_COMPILER_APPICON_NAME = AppIcon;
				ASSETCATALOG_COMPILER_GLOBAL_ACCENT_COLOR_NAME = AccentColor;
				CODE_SIGN_STYLE = Automatic;
				CURRENT_PROJECT_VERSION = 1;
				DEVELOPMENT_ASSET_PATHS = "\"Event Watch App/Preview Content\"";
				DEVELOPMENT_TEAM = 3XUB4DL2HD;
				ENABLE_PREVIEWS = YES;
				GENERATE_INFOPLIST_FILE = YES;
				INFOPLIST_KEY_CFBundleDisplayName = Event;
				INFOPLIST_KEY_UISupportedInterfaceOrientations = "UIInterfaceOrientationPortrait UIInterfaceOrientationPortraitUpsideDown";
				INFOPLIST_KEY_WKWatchOnly = YES;
				LD_RUNPATH_SEARCH_PATHS = (
					"$(inherited)",
					"@executable_path/Frameworks",
				);
				MARKETING_VERSION = 1.0;
				PRODUCT_BUNDLE_IDENTIFIER = com.tuanduong.Event.watchkitapp;
				PRODUCT_NAME = "$(TARGET_NAME)";
				SDKROOT = watchos;
				SKIP_INSTALL = YES;
				SWIFT_EMIT_LOC_STRINGS = YES;
				SWIFT_VERSION = 5.0;
				TARGETED_DEVICE_FAMILY = 4;
				WATCHOS_DEPLOYMENT_TARGET = 10.2;
			};
			name = Debug;
		};
		71A93CCF2DFABBAA000C0B5F /* Release */ = {
			isa = XCBuildConfiguration;
			buildSettings = {
				ASSETCATALOG_COMPILER_APPICON_NAME = AppIcon;
				ASSETCATALOG_COMPILER_GLOBAL_ACCENT_COLOR_NAME = AccentColor;
				CODE_SIGN_STYLE = Automatic;
				CURRENT_PROJECT_VERSION = 1;
				DEVELOPMENT_ASSET_PATHS = "\"Event Watch App/Preview Content\"";
				DEVELOPMENT_TEAM = 3XUB4DL2HD;
				ENABLE_PREVIEWS = YES;
				GENERATE_INFOPLIST_FILE = YES;
				INFOPLIST_KEY_CFBundleDisplayName = Event;
				INFOPLIST_KEY_UISupportedInterfaceOrientations = "UIInterfaceOrientationPortrait UIInterfaceOrientationPortraitUpsideDown";
				INFOPLIST_KEY_WKWatchOnly = YES;
				LD_RUNPATH_SEARCH_PATHS = (
					"$(inherited)",
					"@executable_path/Frameworks",
				);
				MARKETING_VERSION = 1.0;
				PRODUCT_BUNDLE_IDENTIFIER = com.tuanduong.Event.watchkitapp;
				PRODUCT_NAME = "$(TARGET_NAME)";
				SDKROOT = watchos;
				SKIP_INSTALL = YES;
				SWIFT_EMIT_LOC_STRINGS = YES;
				SWIFT_VERSION = 5.0;
				TARGETED_DEVICE_FAMILY = 4;
				VALIDATE_PRODUCT = YES;
				WATCHOS_DEPLOYMENT_TARGET = 10.2;
			};
			name = Release;
		};
		71A93CD22DFABBAA000C0B5F /* Debug */ = {
			isa = XCBuildConfiguration;
			buildSettings = {
				ALWAYS_EMBED_SWIFT_STANDARD_LIBRARIES = YES;
				CODE_SIGN_STYLE = Automatic;
				CURRENT_PROJECT_VERSION = 1;
				DEVELOPMENT_TEAM = 3XUB4DL2HD;
				INFOPLIST_KEY_CFBundleDisplayName = Event;
				MARKETING_VERSION = 1.0;
				PRODUCT_BUNDLE_IDENTIFIER = com.tuanduong.Event;
				PRODUCT_NAME = "$(TARGET_NAME)";
				SDKROOT = iphoneos;
				SWIFT_VERSION = 5.0;
			};
			name = Debug;
		};
		71A93CD32DFABBAA000C0B5F /* Release */ = {
			isa = XCBuildConfiguration;
			buildSettings = {
				ALWAYS_EMBED_SWIFT_STANDARD_LIBRARIES = YES;
				CODE_SIGN_STYLE = Automatic;
				CURRENT_PROJECT_VERSION = 1;
				DEVELOPMENT_TEAM = 3XUB4DL2HD;
				INFOPLIST_KEY_CFBundleDisplayName = Event;
				MARKETING_VERSION = 1.0;
				PRODUCT_BUNDLE_IDENTIFIER = com.tuanduong.Event;
				PRODUCT_NAME = "$(TARGET_NAME)";
				SDKROOT = iphoneos;
				SWIFT_VERSION = 5.0;
				VALIDATE_PRODUCT = YES;
			};
			name = Release;
		};
/* End XCBuildConfiguration section */

/* Begin XCConfigurationList section */
		71A93CB42DFABBA6000C0B5F /* Build configuration list for PBXProject "Event" */ = {
			isa = XCConfigurationList;
			buildConfigurations = (
				71A93CCB2DFABBAA000C0B5F /* Debug */,
				71A93CCC2DFABBAA000C0B5F /* Release */,
			);
			defaultConfigurationIsVisible = 0;
			defaultConfigurationName = Release;
		};
		71A93CCD2DFABBAA000C0B5F /* Build configuration list for PBXNativeTarget "Event Watch App" */ = {
			isa = XCConfigurationList;
			buildConfigurations = (
				71A93CCE2DFABBAA000C0B5F /* Debug */,
				71A93CCF2DFABBAA000C0B5F /* Release */,
			);
			defaultConfigurationIsVisible = 0;
			defaultConfigurationName = Release;
		};
		71A93CD12DFABBAA000C0B5F /* Build configuration list for PBXNativeTarget "Event" */ = {
			isa = XCConfigurationList;
			buildConfigurations = (
				71A93CD22DFABBAA000C0B5F /* Debug */,
				71A93CD32DFABBAA000C0B5F /* Release */,
			);
			defaultConfigurationIsVisible = 0;
			defaultConfigurationName = Release;
		};
/* End XCConfigurationList section */

/* Begin XCRemoteSwiftPackageReference section */
		715CF84B2DFADA130025D4A2 /* XCRemoteSwiftPackageReference "RxSwift" */ = {
			isa = XCRemoteSwiftPackageReference;
			repositoryURL = "https://github.com/ReactiveX/RxSwift.git";
			requirement = {
				kind = upToNextMajorVersion;
				minimumVersion = 6.9.0;
			};
		};
/* End XCRemoteSwiftPackageReference section */

/* Begin XCSwiftPackageProductDependency section */
		715CF84C2DFADA130025D4A2 /* RxBlocking */ = {
			isa = XCSwiftPackageProductDependency;
			package = 715CF84B2DFADA130025D4A2 /* XCRemoteSwiftPackageReference "RxSwift" */;
			productName = RxBlocking;
		};
		715CF84E2DFADA130025D4A2 /* RxBlocking-Dynamic */ = {
			isa = XCSwiftPackageProductDependency;
			package = 715CF84B2DFADA130025D4A2 /* XCRemoteSwiftPackageReference "RxSwift" */;
			productName = "RxBlocking-Dynamic";
		};
		715CF8502DFADA130025D4A2 /* RxCocoa */ = {
			isa = XCSwiftPackageProductDependency;
			package = 715CF84B2DFADA130025D4A2 /* XCRemoteSwiftPackageReference "RxSwift" */;
			productName = RxCocoa;
		};
		715CF8522DFADA130025D4A2 /* RxCocoa-Dynamic */ = {
			isa = XCSwiftPackageProductDependency;
			package = 715CF84B2DFADA130025D4A2 /* XCRemoteSwiftPackageReference "RxSwift" */;
			productName = "RxCocoa-Dynamic";
		};
		715CF8542DFADA130025D4A2 /* RxRelay */ = {
			isa = XCSwiftPackageProductDependency;
			package = 715CF84B2DFADA130025D4A2 /* XCRemoteSwiftPackageReference "RxSwift" */;
			productName = RxRelay;
		};
		715CF8562DFADA130025D4A2 /* RxRelay-Dynamic */ = {
			isa = XCSwiftPackageProductDependency;
			package = 715CF84B2DFADA130025D4A2 /* XCRemoteSwiftPackageReference "RxSwift" */;
			productName = "RxRelay-Dynamic";
		};
		715CF8582DFADA130025D4A2 /* RxSwift */ = {
			isa = XCSwiftPackageProductDependency;
			package = 715CF84B2DFADA130025D4A2 /* XCRemoteSwiftPackageReference "RxSwift" */;
			productName = RxSwift;
		};
		715CF85A2DFADA130025D4A2 /* RxSwift-Dynamic */ = {
			isa = XCSwiftPackageProductDependency;
			package = 715CF84B2DFADA130025D4A2 /* XCRemoteSwiftPackageReference "RxSwift" */;
			productName = "RxSwift-Dynamic";
		};
		715CF85C2DFADA130025D4A2 /* RxTest */ = {
			isa = XCSwiftPackageProductDependency;
			package = 715CF84B2DFADA130025D4A2 /* XCRemoteSwiftPackageReference "RxSwift" */;
			productName = RxTest;
		};
		715CF85E2DFADA130025D4A2 /* RxTest-Dynamic */ = {
			isa = XCSwiftPackageProductDependency;
			package = 715CF84B2DFADA130025D4A2 /* XCRemoteSwiftPackageReference "RxSwift" */;
			productName = "RxTest-Dynamic";
		};
/* End XCSwiftPackageProductDependency section */
	};
	rootObject = 71A93CB12DFABBA6000C0B5F /* Project object */;
}
