// !$*UTF8*$!
{
	archiveVersion = 1;
	classes = {
	};
	objectVersion = 56;
	objects = {

/* Begin PBXBuildFile section */
		710153CE2E20A1F4008E0939 /* FirebaseAnalytics in Frameworks */ = {isa = PBXBuildFile; productRef = 710153CD2E20A1F4008E0939 /* FirebaseAnalytics */; };
		710153D02E20A1F4008E0939 /* FirebaseAnalyticsOnDeviceConversion in Frameworks */ = {isa = PBXBuildFile; productRef = 710153CF2E20A1F4008E0939 /* FirebaseAnalyticsOnDeviceConversion */; };
		710153D22E20A1F4008E0939 /* FirebaseAnalyticsSwift in Frameworks */ = {isa = PBXBuildFile; productRef = 710153D12E20A1F4008E0939 /* FirebaseAnalyticsSwift */; };
		710153D42E20A1F4008E0939 /* FirebaseAnalyticsWithoutAdIdSupport in Frameworks */ = {isa = PBXBuildFile; productRef = 710153D32E20A1F4008E0939 /* FirebaseAnalyticsWithoutAdIdSupport */; };
		710153D62E20A1F4008E0939 /* FirebaseAppCheck in Frameworks */ = {isa = PBXBuildFile; productRef = 710153D52E20A1F4008E0939 /* FirebaseAppCheck */; };
		710153D82E20A1F4008E0939 /* FirebaseAppDistribution-Beta in Frameworks */ = {isa = PBXBuildFile; productRef = 710153D72E20A1F4008E0939 /* FirebaseAppDistribution-Beta */; };
		710153DA2E20A1F4008E0939 /* FirebaseAuth in Frameworks */ = {isa = PBXBuildFile; productRef = 710153D92E20A1F4008E0939 /* FirebaseAuth */; };
		710153DC2E20A1F4008E0939 /* FirebaseAuthCombine-Community in Frameworks */ = {isa = PBXBuildFile; productRef = 710153DB2E20A1F4008E0939 /* FirebaseAuthCombine-Community */; };
		710153DE2E20A1F4008E0939 /* FirebaseCrashlytics in Frameworks */ = {isa = PBXBuildFile; productRef = 710153DD2E20A1F4008E0939 /* FirebaseCrashlytics */; };
		710153E02E20A1F4008E0939 /* FirebaseDatabase in Frameworks */ = {isa = PBXBuildFile; productRef = 710153DF2E20A1F4008E0939 /* FirebaseDatabase */; };
		710153E22E20A1F4008E0939 /* FirebaseDatabaseSwift in Frameworks */ = {isa = PBXBuildFile; productRef = 710153E12E20A1F4008E0939 /* FirebaseDatabaseSwift */; };
		710153E42E20A1F4008E0939 /* FirebaseDynamicLinks in Frameworks */ = {isa = PBXBuildFile; productRef = 710153E32E20A1F4008E0939 /* FirebaseDynamicLinks */; };
		710153E62E20A1F4008E0939 /* FirebaseFirestore in Frameworks */ = {isa = PBXBuildFile; productRef = 710153E52E20A1F4008E0939 /* FirebaseFirestore */; };
		710153E82E20A1F4008E0939 /* FirebaseFirestoreCombine-Community in Frameworks */ = {isa = PBXBuildFile; productRef = 710153E72E20A1F4008E0939 /* FirebaseFirestoreCombine-Community */; };
		710153EA2E20A1F4008E0939 /* FirebaseFirestoreSwift in Frameworks */ = {isa = PBXBuildFile; productRef = 710153E92E20A1F4008E0939 /* FirebaseFirestoreSwift */; };
		710153EC2E20A1F4008E0939 /* FirebaseFunctions in Frameworks */ = {isa = PBXBuildFile; productRef = 710153EB2E20A1F4008E0939 /* FirebaseFunctions */; };
		710153EE2E20A1F4008E0939 /* FirebaseFunctionsCombine-Community in Frameworks */ = {isa = PBXBuildFile; productRef = 710153ED2E20A1F4008E0939 /* FirebaseFunctionsCombine-Community */; };
		710153F02E20A1F4008E0939 /* FirebaseInAppMessaging-Beta in Frameworks */ = {isa = PBXBuildFile; productRef = 710153EF2E20A1F4008E0939 /* FirebaseInAppMessaging-Beta */; };
		710153F22E20A1F4008E0939 /* FirebaseInAppMessagingSwift-Beta in Frameworks */ = {isa = PBXBuildFile; productRef = 710153F12E20A1F4008E0939 /* FirebaseInAppMessagingSwift-Beta */; };
		710153F42E20A1F4008E0939 /* FirebaseInstallations in Frameworks */ = {isa = PBXBuildFile; productRef = 710153F32E20A1F4008E0939 /* FirebaseInstallations */; };
		710153F62E20A1F4008E0939 /* FirebaseMLModelDownloader in Frameworks */ = {isa = PBXBuildFile; productRef = 710153F52E20A1F4008E0939 /* FirebaseMLModelDownloader */; };
		710153F82E20A1F4008E0939 /* FirebaseMessaging in Frameworks */ = {isa = PBXBuildFile; productRef = 710153F72E20A1F4008E0939 /* FirebaseMessaging */; };
		710153FA2E20A1F4008E0939 /* FirebasePerformance in Frameworks */ = {isa = PBXBuildFile; productRef = 710153F92E20A1F4008E0939 /* FirebasePerformance */; };
		710153FC2E20A1F4008E0939 /* FirebaseRemoteConfig in Frameworks */ = {isa = PBXBuildFile; productRef = 710153FB2E20A1F4008E0939 /* FirebaseRemoteConfig */; };
		710153FE2E20A1F4008E0939 /* FirebaseRemoteConfigSwift in Frameworks */ = {isa = PBXBuildFile; productRef = 710153FD2E20A1F4008E0939 /* FirebaseRemoteConfigSwift */; };
		710154002E20A1F4008E0939 /* FirebaseStorage in Frameworks */ = {isa = PBXBuildFile; productRef = 710153FF2E20A1F4008E0939 /* FirebaseStorage */; };
		710154022E20A1F4008E0939 /* FirebaseStorageCombine-Community in Frameworks */ = {isa = PBXBuildFile; productRef = 710154012E20A1F4008E0939 /* FirebaseStorageCombine-Community */; };
		7101540A2E20A582008E0939 /* LoginView.swift in Sources */ = {isa = PBXBuildFile; fileRef = 710154082E20A582008E0939 /* LoginView.swift */; };
		7101540C2E20BEE7008E0939 /* RegisterView.swift in Sources */ = {isa = PBXBuildFile; fileRef = 7101540B2E20BEE7008E0939 /* RegisterView.swift */; };
		710154102E20EDDA008E0939 /* User.swift in Sources */ = {isa = PBXBuildFile; fileRef = 7101540F2E20EDDA008E0939 /* User.swift */; };
		71936BE22E1E5E3800796D78 /* EventIOSApp.swift in Sources */ = {isa = PBXBuildFile; fileRef = 71936BE12E1E5E3800796D78 /* EventIOSApp.swift */; };
		71936BE42E1E5E3800796D78 /* ContentView.swift in Sources */ = {isa = PBXBuildFile; fileRef = 71936BE32E1E5E3800796D78 /* ContentView.swift */; };
		71936BE62E1E5E3C00796D78 /* Assets.xcassets in Resources */ = {isa = PBXBuildFile; fileRef = 71936BE52E1E5E3C00796D78 /* Assets.xcassets */; };
		71936BE92E1E5E3C00796D78 /* Preview Assets.xcassets in Resources */ = {isa = PBXBuildFile; fileRef = 71936BE82E1E5E3C00796D78 /* Preview Assets.xcassets */; };
		71936BF02E1E604800796D78 /* GoogleService-Info.plist in Resources */ = {isa = PBXBuildFile; fileRef = 71936BEF2E1E604800796D78 /* GoogleService-Info.plist */; };
/* End PBXBuildFile section */

/* Begin PBXFileReference section */
		710154082E20A582008E0939 /* LoginView.swift */ = {isa = PBXFileReference; fileEncoding = 4; lastKnownFileType = sourcecode.swift; path = LoginView.swift; sourceTree = "<group>"; };
		7101540B2E20BEE7008E0939 /* RegisterView.swift */ = {isa = PBXFileReference; lastKnownFileType = sourcecode.swift; path = RegisterView.swift; sourceTree = "<group>"; };
		7101540F2E20EDDA008E0939 /* User.swift */ = {isa = PBXFileReference; lastKnownFileType = sourcecode.swift; path = User.swift; sourceTree = "<group>"; };
		71936BDE2E1E5E3800796D78 /* EventIOS.app */ = {isa = PBXFileReference; explicitFileType = wrapper.application; includeInIndex = 0; path = EventIOS.app; sourceTree = BUILT_PRODUCTS_DIR; };
		71936BE12E1E5E3800796D78 /* EventIOSApp.swift */ = {isa = PBXFileReference; lastKnownFileType = sourcecode.swift; path = EventIOSApp.swift; sourceTree = "<group>"; };
		71936BE32E1E5E3800796D78 /* ContentView.swift */ = {isa = PBXFileReference; lastKnownFileType = sourcecode.swift; path = ContentView.swift; sourceTree = "<group>"; };
		71936BE52E1E5E3C00796D78 /* Assets.xcassets */ = {isa = PBXFileReference; lastKnownFileType = folder.assetcatalog; path = Assets.xcassets; sourceTree = "<group>"; };
		71936BE82E1E5E3C00796D78 /* Preview Assets.xcassets */ = {isa = PBXFileReference; lastKnownFileType = folder.assetcatalog; path = "Preview Assets.xcassets"; sourceTree = "<group>"; };
		71936BEF2E1E604800796D78 /* GoogleService-Info.plist */ = {isa = PBXFileReference; fileEncoding = 4; lastKnownFileType = text.plist.xml; path = "GoogleService-Info.plist"; sourceTree = "<group>"; };
/* End PBXFileReference section */

/* Begin PBXFrameworksBuildPhase section */
		71936BDB2E1E5E3800796D78 /* Frameworks */ = {
			isa = PBXFrameworksBuildPhase;
			buildActionMask = 2147483647;
			files = (
				710153E02E20A1F4008E0939 /* FirebaseDatabase in Frameworks */,
				710153EE2E20A1F4008E0939 /* FirebaseFunctionsCombine-Community in Frameworks */,
				710153E62E20A1F4008E0939 /* FirebaseFirestore in Frameworks */,
				710153D22E20A1F4008E0939 /* FirebaseAnalyticsSwift in Frameworks */,
				710153CE2E20A1F4008E0939 /* FirebaseAnalytics in Frameworks */,
				710153D02E20A1F4008E0939 /* FirebaseAnalyticsOnDeviceConversion in Frameworks */,
				710153F62E20A1F4008E0939 /* FirebaseMLModelDownloader in Frameworks */,
				710153EA2E20A1F4008E0939 /* FirebaseFirestoreSwift in Frameworks */,
				710153D62E20A1F4008E0939 /* FirebaseAppCheck in Frameworks */,
				710153D42E20A1F4008E0939 /* FirebaseAnalyticsWithoutAdIdSupport in Frameworks */,
				710153DA2E20A1F4008E0939 /* FirebaseAuth in Frameworks */,
				710153DE2E20A1F4008E0939 /* FirebaseCrashlytics in Frameworks */,
				710153FE2E20A1F4008E0939 /* FirebaseRemoteConfigSwift in Frameworks */,
				710153F02E20A1F4008E0939 /* FirebaseInAppMessaging-Beta in Frameworks */,
				710153E22E20A1F4008E0939 /* FirebaseDatabaseSwift in Frameworks */,
				710153EC2E20A1F4008E0939 /* FirebaseFunctions in Frameworks */,
				710154022E20A1F4008E0939 /* FirebaseStorageCombine-Community in Frameworks */,
				710153FC2E20A1F4008E0939 /* FirebaseRemoteConfig in Frameworks */,
				710153D82E20A1F4008E0939 /* FirebaseAppDistribution-Beta in Frameworks */,
				710153DC2E20A1F4008E0939 /* FirebaseAuthCombine-Community in Frameworks */,
				710153FA2E20A1F4008E0939 /* FirebasePerformance in Frameworks */,
				710153F22E20A1F4008E0939 /* FirebaseInAppMessagingSwift-Beta in Frameworks */,
				710154002E20A1F4008E0939 /* FirebaseStorage in Frameworks */,
				710153E42E20A1F4008E0939 /* FirebaseDynamicLinks in Frameworks */,
				710153E82E20A1F4008E0939 /* FirebaseFirestoreCombine-Community in Frameworks */,
				710153F82E20A1F4008E0939 /* FirebaseMessaging in Frameworks */,
				710153F42E20A1F4008E0939 /* FirebaseInstallations in Frameworks */,
			);
			runOnlyForDeploymentPostprocessing = 0;
		};
/* End PBXFrameworksBuildPhase section */

/* Begin PBXGroup section */
		710154052E20A582008E0939 /* Sources */ = {
			isa = PBXGroup;
			children = (
				7101540D2E20EDB2008E0939 /* Data */,
				710154062E20A582008E0939 /* Modules */,
				710154092E20A582008E0939 /* Helpers */,
			);
			path = Sources;
			sourceTree = "<group>";
		};
		710154062E20A582008E0939 /* Modules */ = {
			isa = PBXGroup;
			children = (
				710154072E20A582008E0939 /* Auth */,
			);
			path = Modules;
			sourceTree = "<group>";
		};
		710154072E20A582008E0939 /* Auth */ = {
			isa = PBXGroup;
			children = (
				710154082E20A582008E0939 /* LoginView.swift */,
				7101540B2E20BEE7008E0939 /* RegisterView.swift */,
			);
			path = Auth;
			sourceTree = "<group>";
		};
		710154092E20A582008E0939 /* Helpers */ = {
			isa = PBXGroup;
			children = (
			);
			path = Helpers;
			sourceTree = "<group>";
		};
		7101540D2E20EDB2008E0939 /* Data */ = {
			isa = PBXGroup;
			children = (
				7101540E2E20EDC5008E0939 /* Models */,
			);
			path = Data;
			sourceTree = "<group>";
		};
		7101540E2E20EDC5008E0939 /* Models */ = {
			isa = PBXGroup;
			children = (
				7101540F2E20EDDA008E0939 /* User.swift */,
			);
			path = Models;
			sourceTree = "<group>";
		};
		71936BD52E1E5E3800796D78 = {
			isa = PBXGroup;
			children = (
				71936BE02E1E5E3800796D78 /* EventIOS */,
				71936BDF2E1E5E3800796D78 /* Products */,
			);
			sourceTree = "<group>";
		};
		71936BDF2E1E5E3800796D78 /* Products */ = {
			isa = PBXGroup;
			children = (
				71936BDE2E1E5E3800796D78 /* EventIOS.app */,
			);
			name = Products;
			sourceTree = "<group>";
		};
		71936BE02E1E5E3800796D78 /* EventIOS */ = {
			isa = PBXGroup;
			children = (
				710154052E20A582008E0939 /* Sources */,
				71936BEF2E1E604800796D78 /* GoogleService-Info.plist */,
				71936BE12E1E5E3800796D78 /* EventIOSApp.swift */,
				71936BE32E1E5E3800796D78 /* ContentView.swift */,
				71936BE52E1E5E3C00796D78 /* Assets.xcassets */,
				71936BE72E1E5E3C00796D78 /* Preview Content */,
			);
			path = EventIOS;
			sourceTree = "<group>";
		};
		71936BE72E1E5E3C00796D78 /* Preview Content */ = {
			isa = PBXGroup;
			children = (
				71936BE82E1E5E3C00796D78 /* Preview Assets.xcassets */,
			);
			path = "Preview Content";
			sourceTree = "<group>";
		};
/* End PBXGroup section */

/* Begin PBXNativeTarget section */
		71936BDD2E1E5E3800796D78 /* EventIOS */ = {
			isa = PBXNativeTarget;
			buildConfigurationList = 71936BEC2E1E5E3C00796D78 /* Build configuration list for PBXNativeTarget "EventIOS" */;
			buildPhases = (
				71936BDA2E1E5E3800796D78 /* Sources */,
				71936BDB2E1E5E3800796D78 /* Frameworks */,
				71936BDC2E1E5E3800796D78 /* Resources */,
			);
			buildRules = (
			);
			dependencies = (
			);
			name = EventIOS;
			packageProductDependencies = (
				710153CD2E20A1F4008E0939 /* FirebaseAnalytics */,
				710153CF2E20A1F4008E0939 /* FirebaseAnalyticsOnDeviceConversion */,
				710153D12E20A1F4008E0939 /* FirebaseAnalyticsSwift */,
				710153D32E20A1F4008E0939 /* FirebaseAnalyticsWithoutAdIdSupport */,
				710153D52E20A1F4008E0939 /* FirebaseAppCheck */,
				710153D72E20A1F4008E0939 /* FirebaseAppDistribution-Beta */,
				710153D92E20A1F4008E0939 /* FirebaseAuth */,
				710153DB2E20A1F4008E0939 /* FirebaseAuthCombine-Community */,
				710153DD2E20A1F4008E0939 /* FirebaseCrashlytics */,
				710153DF2E20A1F4008E0939 /* FirebaseDatabase */,
				710153E12E20A1F4008E0939 /* FirebaseDatabaseSwift */,
				710153E32E20A1F4008E0939 /* FirebaseDynamicLinks */,
				710153E52E20A1F4008E0939 /* FirebaseFirestore */,
				710153E72E20A1F4008E0939 /* FirebaseFirestoreCombine-Community */,
				710153E92E20A1F4008E0939 /* FirebaseFirestoreSwift */,
				710153EB2E20A1F4008E0939 /* FirebaseFunctions */,
				710153ED2E20A1F4008E0939 /* FirebaseFunctionsCombine-Community */,
				710153EF2E20A1F4008E0939 /* FirebaseInAppMessaging-Beta */,
				710153F12E20A1F4008E0939 /* FirebaseInAppMessagingSwift-Beta */,
				710153F32E20A1F4008E0939 /* FirebaseInstallations */,
				710153F52E20A1F4008E0939 /* FirebaseMLModelDownloader */,
				710153F72E20A1F4008E0939 /* FirebaseMessaging */,
				710153F92E20A1F4008E0939 /* FirebasePerformance */,
				710153FB2E20A1F4008E0939 /* FirebaseRemoteConfig */,
				710153FD2E20A1F4008E0939 /* FirebaseRemoteConfigSwift */,
				710153FF2E20A1F4008E0939 /* FirebaseStorage */,
				710154012E20A1F4008E0939 /* FirebaseStorageCombine-Community */,
			);
			productName = EventIOS;
			productReference = 71936BDE2E1E5E3800796D78 /* EventIOS.app */;
			productType = "com.apple.product-type.application";
		};
/* End PBXNativeTarget section */

/* Begin PBXProject section */
		71936BD62E1E5E3800796D78 /* Project object */ = {
			isa = PBXProject;
			attributes = {
				BuildIndependentTargetsInParallel = 1;
				LastSwiftUpdateCheck = 1520;
				LastUpgradeCheck = 1520;
				TargetAttributes = {
					71936BDD2E1E5E3800796D78 = {
						CreatedOnToolsVersion = 15.2;
					};
				};
			};
			buildConfigurationList = 71936BD92E1E5E3800796D78 /* Build configuration list for PBXProject "EventIOS" */;
			compatibilityVersion = "Xcode 14.0";
			developmentRegion = en;
			hasScannedForEncodings = 0;
			knownRegions = (
				en,
				Base,
			);
			mainGroup = 71936BD52E1E5E3800796D78;
			packageReferences = (
				710153CC2E20A1F4008E0939 /* XCRemoteSwiftPackageReference "firebase-ios-sdk" */,
			);
			productRefGroup = 71936BDF2E1E5E3800796D78 /* Products */;
			projectDirPath = "";
			projectRoot = "";
			targets = (
				71936BDD2E1E5E3800796D78 /* EventIOS */,
			);
		};
/* End PBXProject section */

/* Begin PBXResourcesBuildPhase section */
		71936BDC2E1E5E3800796D78 /* Resources */ = {
			isa = PBXResourcesBuildPhase;
			buildActionMask = 2147483647;
			files = (
				71936BE92E1E5E3C00796D78 /* Preview Assets.xcassets in Resources */,
				71936BE62E1E5E3C00796D78 /* Assets.xcassets in Resources */,
				71936BF02E1E604800796D78 /* GoogleService-Info.plist in Resources */,
			);
			runOnlyForDeploymentPostprocessing = 0;
		};
/* End PBXResourcesBuildPhase section */

/* Begin PBXSourcesBuildPhase section */
		71936BDA2E1E5E3800796D78 /* Sources */ = {
			isa = PBXSourcesBuildPhase;
			buildActionMask = 2147483647;
			files = (
				71936BE42E1E5E3800796D78 /* ContentView.swift in Sources */,
				7101540C2E20BEE7008E0939 /* RegisterView.swift in Sources */,
				7101540A2E20A582008E0939 /* LoginView.swift in Sources */,
				710154102E20EDDA008E0939 /* User.swift in Sources */,
				71936BE22E1E5E3800796D78 /* EventIOSApp.swift in Sources */,
			);
			runOnlyForDeploymentPostprocessing = 0;
		};
/* End PBXSourcesBuildPhase section */

/* Begin XCBuildConfiguration section */
		71936BEA2E1E5E3C00796D78 /* Debug */ = {
			isa = XCBuildConfiguration;
			buildSettings = {
				ALWAYS_SEARCH_USER_PATHS = NO;
				ASSETCATALOG_COMPILER_GENERATE_SWIFT_ASSET_SYMBOL_EXTENSIONS = YES;
				CLANG_ANALYZER_NONNULL = YES;
				CLANG_ANALYZER_NUMBER_OBJECT_CONVERSION = YES_AGGRESSIVE;
				CLANG_CXX_LANGUAGE_STANDARD = "gnu++20";
				CLANG_ENABLE_MODULES = YES;
				CLANG_ENABLE_OBJC_ARC = YES;
				CLANG_ENABLE_OBJC_WEAK = YES;
				CLANG_WARN_BLOCK_CAPTURE_AUTORELEASING = YES;
				CLANG_WARN_BOOL_CONVERSION = YES;
				CLANG_WARN_COMMA = YES;
				CLANG_WARN_CONSTANT_CONVERSION = YES;
				CLANG_WARN_DEPRECATED_OBJC_IMPLEMENTATIONS = YES;
				CLANG_WARN_DIRECT_OBJC_ISA_USAGE = YES_ERROR;
				CLANG_WARN_DOCUMENTATION_COMMENTS = YES;
				CLANG_WARN_EMPTY_BODY = YES;
				CLANG_WARN_ENUM_CONVERSION = YES;
				CLANG_WARN_INFINITE_RECURSION = YES;
				CLANG_WARN_INT_CONVERSION = YES;
				CLANG_WARN_NON_LITERAL_NULL_CONVERSION = YES;
				CLANG_WARN_OBJC_IMPLICIT_RETAIN_SELF = YES;
				CLANG_WARN_OBJC_LITERAL_CONVERSION = YES;
				CLANG_WARN_OBJC_ROOT_CLASS = YES_ERROR;
				CLANG_WARN_QUOTED_INCLUDE_IN_FRAMEWORK_HEADER = YES;
				CLANG_WARN_RANGE_LOOP_ANALYSIS = YES;
				CLANG_WARN_STRICT_PROTOTYPES = YES;
				CLANG_WARN_SUSPICIOUS_MOVE = YES;
				CLANG_WARN_UNGUARDED_AVAILABILITY = YES_AGGRESSIVE;
				CLANG_WARN_UNREACHABLE_CODE = YES;
				CLANG_WARN__DUPLICATE_METHOD_MATCH = YES;
				COPY_PHASE_STRIP = NO;
				DEBUG_INFORMATION_FORMAT = dwarf;
				ENABLE_STRICT_OBJC_MSGSEND = YES;
				ENABLE_TESTABILITY = YES;
				ENABLE_USER_SCRIPT_SANDBOXING = YES;
				GCC_C_LANGUAGE_STANDARD = gnu17;
				GCC_DYNAMIC_NO_PIC = NO;
				GCC_NO_COMMON_BLOCKS = YES;
				GCC_OPTIMIZATION_LEVEL = 0;
				GCC_PREPROCESSOR_DEFINITIONS = (
					"DEBUG=1",
					"$(inherited)",
				);
				GCC_WARN_64_TO_32_BIT_CONVERSION = YES;
				GCC_WARN_ABOUT_RETURN_TYPE = YES_ERROR;
				GCC_WARN_UNDECLARED_SELECTOR = YES;
				GCC_WARN_UNINITIALIZED_AUTOS = YES_AGGRESSIVE;
				GCC_WARN_UNUSED_FUNCTION = YES;
				GCC_WARN_UNUSED_VARIABLE = YES;
				IPHONEOS_DEPLOYMENT_TARGET = 17.2;
				LOCALIZATION_PREFERS_STRING_CATALOGS = YES;
				MTL_ENABLE_DEBUG_INFO = INCLUDE_SOURCE;
				MTL_FAST_MATH = YES;
				ONLY_ACTIVE_ARCH = YES;
				SDKROOT = iphoneos;
				SWIFT_ACTIVE_COMPILATION_CONDITIONS = "DEBUG $(inherited)";
				SWIFT_OPTIMIZATION_LEVEL = "-Onone";
			};
			name = Debug;
		};
		71936BEB2E1E5E3C00796D78 /* Release */ = {
			isa = XCBuildConfiguration;
			buildSettings = {
				ALWAYS_SEARCH_USER_PATHS = NO;
				ASSETCATALOG_COMPILER_GENERATE_SWIFT_ASSET_SYMBOL_EXTENSIONS = YES;
				CLANG_ANALYZER_NONNULL = YES;
				CLANG_ANALYZER_NUMBER_OBJECT_CONVERSION = YES_AGGRESSIVE;
				CLANG_CXX_LANGUAGE_STANDARD = "gnu++20";
				CLANG_ENABLE_MODULES = YES;
				CLANG_ENABLE_OBJC_ARC = YES;
				CLANG_ENABLE_OBJC_WEAK = YES;
				CLANG_WARN_BLOCK_CAPTURE_AUTORELEASING = YES;
				CLANG_WARN_BOOL_CONVERSION = YES;
				CLANG_WARN_COMMA = YES;
				CLANG_WARN_CONSTANT_CONVERSION = YES;
				CLANG_WARN_DEPRECATED_OBJC_IMPLEMENTATIONS = YES;
				CLANG_WARN_DIRECT_OBJC_ISA_USAGE = YES_ERROR;
				CLANG_WARN_DOCUMENTATION_COMMENTS = YES;
				CLANG_WARN_EMPTY_BODY = YES;
				CLANG_WARN_ENUM_CONVERSION = YES;
				CLANG_WARN_INFINITE_RECURSION = YES;
				CLANG_WARN_INT_CONVERSION = YES;
				CLANG_WARN_NON_LITERAL_NULL_CONVERSION = YES;
				CLANG_WARN_OBJC_IMPLICIT_RETAIN_SELF = YES;
				CLANG_WARN_OBJC_LITERAL_CONVERSION = YES;
				CLANG_WARN_OBJC_ROOT_CLASS = YES_ERROR;
				CLANG_WARN_QUOTED_INCLUDE_IN_FRAMEWORK_HEADER = YES;
				CLANG_WARN_RANGE_LOOP_ANALYSIS = YES;
				CLANG_WARN_STRICT_PROTOTYPES = YES;
				CLANG_WARN_SUSPICIOUS_MOVE = YES;
				CLANG_WARN_UNGUARDED_AVAILABILITY = YES_AGGRESSIVE;
				CLANG_WARN_UNREACHABLE_CODE = YES;
				CLANG_WARN__DUPLICATE_METHOD_MATCH = YES;
				COPY_PHASE_STRIP = NO;
				DEBUG_INFORMATION_FORMAT = "dwarf-with-dsym";
				ENABLE_NS_ASSERTIONS = NO;
				ENABLE_STRICT_OBJC_MSGSEND = YES;
				ENABLE_USER_SCRIPT_SANDBOXING = YES;
				GCC_C_LANGUAGE_STANDARD = gnu17;
				GCC_NO_COMMON_BLOCKS = YES;
				GCC_WARN_64_TO_32_BIT_CONVERSION = YES;
				GCC_WARN_ABOUT_RETURN_TYPE = YES_ERROR;
				GCC_WARN_UNDECLARED_SELECTOR = YES;
				GCC_WARN_UNINITIALIZED_AUTOS = YES_AGGRESSIVE;
				GCC_WARN_UNUSED_FUNCTION = YES;
				GCC_WARN_UNUSED_VARIABLE = YES;
				IPHONEOS_DEPLOYMENT_TARGET = 17.2;
				LOCALIZATION_PREFERS_STRING_CATALOGS = YES;
				MTL_ENABLE_DEBUG_INFO = NO;
				MTL_FAST_MATH = YES;
				SDKROOT = iphoneos;
				SWIFT_COMPILATION_MODE = wholemodule;
				VALIDATE_PRODUCT = YES;
			};
			name = Release;
		};
		71936BED2E1E5E3C00796D78 /* Debug */ = {
			isa = XCBuildConfiguration;
			buildSettings = {
				ASSETCATALOG_COMPILER_APPICON_NAME = AppIcon;
				ASSETCATALOG_COMPILER_GLOBAL_ACCENT_COLOR_NAME = AccentColor;
				CODE_SIGN_STYLE = Automatic;
				CURRENT_PROJECT_VERSION = 1;
				DEVELOPMENT_ASSET_PATHS = "\"EventIOS/Preview Content\"";
				DEVELOPMENT_TEAM = 3XUB4DL2HD;
				ENABLE_PREVIEWS = YES;
				GENERATE_INFOPLIST_FILE = YES;
				INFOPLIST_KEY_UIApplicationSceneManifest_Generation = YES;
				INFOPLIST_KEY_UIApplicationSupportsIndirectInputEvents = YES;
				INFOPLIST_KEY_UILaunchScreen_Generation = YES;
				INFOPLIST_KEY_UISupportedInterfaceOrientations_iPad = "UIInterfaceOrientationPortrait UIInterfaceOrientationPortraitUpsideDown UIInterfaceOrientationLandscapeLeft UIInterfaceOrientationLandscapeRight";
				INFOPLIST_KEY_UISupportedInterfaceOrientations_iPhone = "UIInterfaceOrientationPortrait UIInterfaceOrientationLandscapeLeft UIInterfaceOrientationLandscapeRight";
				LD_RUNPATH_SEARCH_PATHS = (
					"$(inherited)",
					"@executable_path/Frameworks",
				);
				MARKETING_VERSION = 1.0;
				PRODUCT_BUNDLE_IDENTIFIER = com.tuanduong.EventIOS;
				PRODUCT_NAME = "$(TARGET_NAME)";
				SWIFT_EMIT_LOC_STRINGS = YES;
				SWIFT_VERSION = 5.0;
				TARGETED_DEVICE_FAMILY = "1,2";
			};
			name = Debug;
		};
		71936BEE2E1E5E3C00796D78 /* Release */ = {
			isa = XCBuildConfiguration;
			buildSettings = {
				ASSETCATALOG_COMPILER_APPICON_NAME = AppIcon;
				ASSETCATALOG_COMPILER_GLOBAL_ACCENT_COLOR_NAME = AccentColor;
				CODE_SIGN_STYLE = Automatic;
				CURRENT_PROJECT_VERSION = 1;
				DEVELOPMENT_ASSET_PATHS = "\"EventIOS/Preview Content\"";
				DEVELOPMENT_TEAM = 3XUB4DL2HD;
				ENABLE_PREVIEWS = YES;
				GENERATE_INFOPLIST_FILE = YES;
				INFOPLIST_KEY_UIApplicationSceneManifest_Generation = YES;
				INFOPLIST_KEY_UIApplicationSupportsIndirectInputEvents = YES;
				INFOPLIST_KEY_UILaunchScreen_Generation = YES;
				INFOPLIST_KEY_UISupportedInterfaceOrientations_iPad = "UIInterfaceOrientationPortrait UIInterfaceOrientationPortraitUpsideDown UIInterfaceOrientationLandscapeLeft UIInterfaceOrientationLandscapeRight";
				INFOPLIST_KEY_UISupportedInterfaceOrientations_iPhone = "UIInterfaceOrientationPortrait UIInterfaceOrientationLandscapeLeft UIInterfaceOrientationLandscapeRight";
				LD_RUNPATH_SEARCH_PATHS = (
					"$(inherited)",
					"@executable_path/Frameworks",
				);
				MARKETING_VERSION = 1.0;
				PRODUCT_BUNDLE_IDENTIFIER = com.tuanduong.EventIOS;
				PRODUCT_NAME = "$(TARGET_NAME)";
				SWIFT_EMIT_LOC_STRINGS = YES;
				SWIFT_VERSION = 5.0;
				TARGETED_DEVICE_FAMILY = "1,2";
			};
			name = Release;
		};
/* End XCBuildConfiguration section */

/* Begin XCConfigurationList section */
		71936BD92E1E5E3800796D78 /* Build configuration list for PBXProject "EventIOS" */ = {
			isa = XCConfigurationList;
			buildConfigurations = (
				71936BEA2E1E5E3C00796D78 /* Debug */,
				71936BEB2E1E5E3C00796D78 /* Release */,
			);
			defaultConfigurationIsVisible = 0;
			defaultConfigurationName = Release;
		};
		71936BEC2E1E5E3C00796D78 /* Build configuration list for PBXNativeTarget "EventIOS" */ = {
			isa = XCConfigurationList;
			buildConfigurations = (
				71936BED2E1E5E3C00796D78 /* Debug */,
				71936BEE2E1E5E3C00796D78 /* Release */,
			);
			defaultConfigurationIsVisible = 0;
			defaultConfigurationName = Release;
		};
/* End XCConfigurationList section */

/* Begin XCRemoteSwiftPackageReference section */
		710153CC2E20A1F4008E0939 /* XCRemoteSwiftPackageReference "firebase-ios-sdk" */ = {
			isa = XCRemoteSwiftPackageReference;
			repositoryURL = "https://github.com/firebase/firebase-ios-sdk";
			requirement = {
				kind = exactVersion;
				version = 10.25.0;
			};
		};
/* End XCRemoteSwiftPackageReference section */

/* Begin XCSwiftPackageProductDependency section */
		710153CD2E20A1F4008E0939 /* FirebaseAnalytics */ = {
			isa = XCSwiftPackageProductDependency;
			package = 710153CC2E20A1F4008E0939 /* XCRemoteSwiftPackageReference "firebase-ios-sdk" */;
			productName = FirebaseAnalytics;
		};
		710153CF2E20A1F4008E0939 /* FirebaseAnalyticsOnDeviceConversion */ = {
			isa = XCSwiftPackageProductDependency;
			package = 710153CC2E20A1F4008E0939 /* XCRemoteSwiftPackageReference "firebase-ios-sdk" */;
			productName = FirebaseAnalyticsOnDeviceConversion;
		};
		710153D12E20A1F4008E0939 /* FirebaseAnalyticsSwift */ = {
			isa = XCSwiftPackageProductDependency;
			package = 710153CC2E20A1F4008E0939 /* XCRemoteSwiftPackageReference "firebase-ios-sdk" */;
			productName = FirebaseAnalyticsSwift;
		};
		710153D32E20A1F4008E0939 /* FirebaseAnalyticsWithoutAdIdSupport */ = {
			isa = XCSwiftPackageProductDependency;
			package = 710153CC2E20A1F4008E0939 /* XCRemoteSwiftPackageReference "firebase-ios-sdk" */;
			productName = FirebaseAnalyticsWithoutAdIdSupport;
		};
		710153D52E20A1F4008E0939 /* FirebaseAppCheck */ = {
			isa = XCSwiftPackageProductDependency;
			package = 710153CC2E20A1F4008E0939 /* XCRemoteSwiftPackageReference "firebase-ios-sdk" */;
			productName = FirebaseAppCheck;
		};
		710153D72E20A1F4008E0939 /* FirebaseAppDistribution-Beta */ = {
			isa = XCSwiftPackageProductDependency;
			package = 710153CC2E20A1F4008E0939 /* XCRemoteSwiftPackageReference "firebase-ios-sdk" */;
			productName = "FirebaseAppDistribution-Beta";
		};
		710153D92E20A1F4008E0939 /* FirebaseAuth */ = {
			isa = XCSwiftPackageProductDependency;
			package = 710153CC2E20A1F4008E0939 /* XCRemoteSwiftPackageReference "firebase-ios-sdk" */;
			productName = FirebaseAuth;
		};
		710153DB2E20A1F4008E0939 /* FirebaseAuthCombine-Community */ = {
			isa = XCSwiftPackageProductDependency;
			package = 710153CC2E20A1F4008E0939 /* XCRemoteSwiftPackageReference "firebase-ios-sdk" */;
			productName = "FirebaseAuthCombine-Community";
		};
		710153DD2E20A1F4008E0939 /* FirebaseCrashlytics */ = {
			isa = XCSwiftPackageProductDependency;
			package = 710153CC2E20A1F4008E0939 /* XCRemoteSwiftPackageReference "firebase-ios-sdk" */;
			productName = FirebaseCrashlytics;
		};
		710153DF2E20A1F4008E0939 /* FirebaseDatabase */ = {
			isa = XCSwiftPackageProductDependency;
			package = 710153CC2E20A1F4008E0939 /* XCRemoteSwiftPackageReference "firebase-ios-sdk" */;
			productName = FirebaseDatabase;
		};
		710153E12E20A1F4008E0939 /* FirebaseDatabaseSwift */ = {
			isa = XCSwiftPackageProductDependency;
			package = 710153CC2E20A1F4008E0939 /* XCRemoteSwiftPackageReference "firebase-ios-sdk" */;
			productName = FirebaseDatabaseSwift;
		};
		710153E32E20A1F4008E0939 /* FirebaseDynamicLinks */ = {
			isa = XCSwiftPackageProductDependency;
			package = 710153CC2E20A1F4008E0939 /* XCRemoteSwiftPackageReference "firebase-ios-sdk" */;
			productName = FirebaseDynamicLinks;
		};
		710153E52E20A1F4008E0939 /* FirebaseFirestore */ = {
			isa = XCSwiftPackageProductDependency;
			package = 710153CC2E20A1F4008E0939 /* XCRemoteSwiftPackageReference "firebase-ios-sdk" */;
			productName = FirebaseFirestore;
		};
		710153E72E20A1F4008E0939 /* FirebaseFirestoreCombine-Community */ = {
			isa = XCSwiftPackageProductDependency;
			package = 710153CC2E20A1F4008E0939 /* XCRemoteSwiftPackageReference "firebase-ios-sdk" */;
			productName = "FirebaseFirestoreCombine-Community";
		};
		710153E92E20A1F4008E0939 /* FirebaseFirestoreSwift */ = {
			isa = XCSwiftPackageProductDependency;
			package = 710153CC2E20A1F4008E0939 /* XCRemoteSwiftPackageReference "firebase-ios-sdk" */;
			productName = FirebaseFirestoreSwift;
		};
		710153EB2E20A1F4008E0939 /* FirebaseFunctions */ = {
			isa = XCSwiftPackageProductDependency;
			package = 710153CC2E20A1F4008E0939 /* XCRemoteSwiftPackageReference "firebase-ios-sdk" */;
			productName = FirebaseFunctions;
		};
		710153ED2E20A1F4008E0939 /* FirebaseFunctionsCombine-Community */ = {
			isa = XCSwiftPackageProductDependency;
			package = 710153CC2E20A1F4008E0939 /* XCRemoteSwiftPackageReference "firebase-ios-sdk" */;
			productName = "FirebaseFunctionsCombine-Community";
		};
		710153EF2E20A1F4008E0939 /* FirebaseInAppMessaging-Beta */ = {
			isa = XCSwiftPackageProductDependency;
			package = 710153CC2E20A1F4008E0939 /* XCRemoteSwiftPackageReference "firebase-ios-sdk" */;
			productName = "FirebaseInAppMessaging-Beta";
		};
		710153F12E20A1F4008E0939 /* FirebaseInAppMessagingSwift-Beta */ = {
			isa = XCSwiftPackageProductDependency;
			package = 710153CC2E20A1F4008E0939 /* XCRemoteSwiftPackageReference "firebase-ios-sdk" */;
			productName = "FirebaseInAppMessagingSwift-Beta";
		};
		710153F32E20A1F4008E0939 /* FirebaseInstallations */ = {
			isa = XCSwiftPackageProductDependency;
			package = 710153CC2E20A1F4008E0939 /* XCRemoteSwiftPackageReference "firebase-ios-sdk" */;
			productName = FirebaseInstallations;
		};
		710153F52E20A1F4008E0939 /* FirebaseMLModelDownloader */ = {
			isa = XCSwiftPackageProductDependency;
			package = 710153CC2E20A1F4008E0939 /* XCRemoteSwiftPackageReference "firebase-ios-sdk" */;
			productName = FirebaseMLModelDownloader;
		};
		710153F72E20A1F4008E0939 /* FirebaseMessaging */ = {
			isa = XCSwiftPackageProductDependency;
			package = 710153CC2E20A1F4008E0939 /* XCRemoteSwiftPackageReference "firebase-ios-sdk" */;
			productName = FirebaseMessaging;
		};
		710153F92E20A1F4008E0939 /* FirebasePerformance */ = {
			isa = XCSwiftPackageProductDependency;
			package = 710153CC2E20A1F4008E0939 /* XCRemoteSwiftPackageReference "firebase-ios-sdk" */;
			productName = FirebasePerformance;
		};
		710153FB2E20A1F4008E0939 /* FirebaseRemoteConfig */ = {
			isa = XCSwiftPackageProductDependency;
			package = 710153CC2E20A1F4008E0939 /* XCRemoteSwiftPackageReference "firebase-ios-sdk" */;
			productName = FirebaseRemoteConfig;
		};
		710153FD2E20A1F4008E0939 /* FirebaseRemoteConfigSwift */ = {
			isa = XCSwiftPackageProductDependency;
			package = 710153CC2E20A1F4008E0939 /* XCRemoteSwiftPackageReference "firebase-ios-sdk" */;
			productName = FirebaseRemoteConfigSwift;
		};
		710153FF2E20A1F4008E0939 /* FirebaseStorage */ = {
			isa = XCSwiftPackageProductDependency;
			package = 710153CC2E20A1F4008E0939 /* XCRemoteSwiftPackageReference "firebase-ios-sdk" */;
			productName = FirebaseStorage;
		};
		710154012E20A1F4008E0939 /* FirebaseStorageCombine-Community */ = {
			isa = XCSwiftPackageProductDependency;
			package = 710153CC2E20A1F4008E0939 /* XCRemoteSwiftPackageReference "firebase-ios-sdk" */;
			productName = "FirebaseStorageCombine-Community";
		};
/* End XCSwiftPackageProductDependency section */
	};
	rootObject = 71936BD62E1E5E3800796D78 /* Project object */;
}
